
Microsoft Visual Studio Solution File, Format Version 12.00
# Visual Studio Version 17
VisualStudioVersion = 17.13.35825.156 d17.13
MinimumVisualStudioVersion = 10.0.40219.1
Project("{FAE04EC0-301F-11D3-BF4B-00C04F79EFBC}") = "Livraria", "Livraria\Livraria.csproj", "{E4950388-9F51-44D7-93A4-496099C32538}"
EndProject
Global
	GlobalSection(SolutionConfigurationPlatforms) = preSolution
		Debug|Any CPU = Debug|Any CPU
		Release|Any CPU = Release|Any CPU
	EndGlobalSection
	GlobalSection(ProjectConfigurationPlatforms) = postSolution
		{E4950388-9F51-44D7-93A4-496099C32538}.Debug|Any CPU.ActiveCfg = Debug|Any CPU
		{E4950388-9F51-44D7-93A4-496099C32538}.Debug|Any CPU.Build.0 = Debug|Any CPU
		{E4950388-9F51-44D7-93A4-496099C32538}.Release|Any CPU.ActiveCfg = Release|Any CPU
		{E4950388-9F51-44D7-93A4-496099C32538}.Release|Any CPU.Build.0 = Release|Any CPU
	EndGlobalSection
	GlobalSection(SolutionProperties) = preSolution
		HideSolutionNode = FALSE
	EndGlobalSection
	GlobalSection(ExtensibilityGlobals) = postSolution
		SolutionGuid = {7C3E2742-AA98-46A3-A8A1-FC594E45DA12}
	EndGlobalSection
EndGlobal
